// !$*UTF8*$!
{
	archiveVersion = 1;
	classes = {
	};
	objectVersion = 46;
	objects = {

/* Begin PBXBuildFile section */
		4C4E1D8514BB84A8000CACE8 /* libPods-AnimationCollection.a in Frameworks */ = {isa = PBXBuildFile; fileRef = 3E2E5897D2ECA3BB68FB3BC1 /* libPods-AnimationCollection.a */; };
		4E2960551EA062E800BA1E16 /* main.m in Sources */ = {isa = PBXBuildFile; fileRef = 4E2960541EA062E800BA1E16 /* main.m */; };
		4E2960581EA062E800BA1E16 /* AppDelegate.m in Sources */ = {isa = PBXBuildFile; fileRef = 4E2960571EA062E800BA1E16 /* AppDelegate.m */; };
		4E29605B1EA062E800BA1E16 /* ViewController.m in Sources */ = {isa = PBXBuildFile; fileRef = 4E29605A1EA062E800BA1E16 /* ViewController.m */; };
		4E29605E1EA062E800BA1E16 /* Main.storyboard in Resources */ = {isa = PBXBuildFile; fileRef = 4E29605C1EA062E800BA1E16 /* Main.storyboard */; };
		4E2960601EA062E800BA1E16 /* Assets.xcassets in Resources */ = {isa = PBXBuildFile; fileRef = 4E29605F1EA062E800BA1E16 /* Assets.xcassets */; };
		4E2960631EA062E800BA1E16 /* LaunchScreen.storyboard in Resources */ = {isa = PBXBuildFile; fileRef = 4E2960611EA062E800BA1E16 /* LaunchScreen.storyboard */; };
		4E29606E1EA062E900BA1E16 /* AnimationCollectionTests.m in Sources */ = {isa = PBXBuildFile; fileRef = 4E29606D1EA062E900BA1E16 /* AnimationCollectionTests.m */; };
		4E2960791EA062E900BA1E16 /* AnimationCollectionUITests.m in Sources */ = {isa = PBXBuildFile; fileRef = 4E2960781EA062E900BA1E16 /* AnimationCollectionUITests.m */; };
		4E29608C1EA0745300BA1E16 /* MainViewController.m in Sources */ = {isa = PBXBuildFile; fileRef = 4E29608B1EA0745300BA1E16 /* MainViewController.m */; };
		4E29608F1EA074BD00BA1E16 /* MainCell.m in Sources */ = {isa = PBXBuildFile; fileRef = 4E29608E1EA074BD00BA1E16 /* MainCell.m */; };
		4E2960921EA074DA00BA1E16 /* MainModel.m in Sources */ = {isa = PBXBuildFile; fileRef = 4E2960911EA074DA00BA1E16 /* MainModel.m */; };
		4E2960961EA0778E00BA1E16 /* HPUITools.m in Sources */ = {isa = PBXBuildFile; fileRef = 4E2960951EA0778E00BA1E16 /* HPUITools.m */; };
		4E29609C1EA07ADA00BA1E16 /* MainView.m in Sources */ = {isa = PBXBuildFile; fileRef = 4E29609B1EA07ADA00BA1E16 /* MainView.m */; };
		4E29609F1EA082B400BA1E16 /* FreeDownViewController.m in Sources */ = {isa = PBXBuildFile; fileRef = 4E29609E1EA082B400BA1E16 /* FreeDownViewController.m */; };
		4E2960A21EA082DD00BA1E16 /* LoadRateViewController.m in Sources */ = {isa = PBXBuildFile; fileRef = 4E2960A11EA082DD00BA1E16 /* LoadRateViewController.m */; };
		4E2960A51EA082FD00BA1E16 /* SuperViewController.m in Sources */ = {isa = PBXBuildFile; fileRef = 4E2960A41EA082FD00BA1E16 /* SuperViewController.m */; };
		4E2960AC1EA09F6D00BA1E16 /* UIView+Additions.m in Sources */ = {isa = PBXBuildFile; fileRef = 4E2960AB1EA09F6D00BA1E16 /* UIView+Additions.m */; };
		4E2960AF1EA0C7D200BA1E16 /* FreeDownAnimation.m in Sources */ = {isa = PBXBuildFile; fileRef = 4E2960AE1EA0C7D200BA1E16 /* FreeDownAnimation.m */; };
		4E2C63811ED92AED00662764 /* LoadingView.m in Sources */ = {isa = PBXBuildFile; fileRef = 4E2C63801ED92AED00662764 /* LoadingView.m */; };
		4E2C63841ED9521F00662764 /* SecondLoadingView.m in Sources */ = {isa = PBXBuildFile; fileRef = 4E2C63831ED9521F00662764 /* SecondLoadingView.m */; };
		4E2C63871ED9577300662764 /* KeyPathAnimationViewController.m in Sources */ = {isa = PBXBuildFile; fileRef = 4E2C63861ED9577300662764 /* KeyPathAnimationViewController.m */; };
		4E2C638A1ED9579D00662764 /* KeyPathAnimationView.m in Sources */ = {isa = PBXBuildFile; fileRef = 4E2C63891ED9579D00662764 /* KeyPathAnimationView.m */; };
		4E2C638D1ED96AF000662764 /* RegularPolygonViewController.m in Sources */ = {isa = PBXBuildFile; fileRef = 4E2C638C1ED96AF000662764 /* RegularPolygonViewController.m */; };
		4E2C63901ED96D8C00662764 /* RegularPolygonView.m in Sources */ = {isa = PBXBuildFile; fileRef = 4E2C638F1ED96D8C00662764 /* RegularPolygonView.m */; };
		4E2C63931ED96DAB00662764 /* RegularPolygonPointFactory.m in Sources */ = {isa = PBXBuildFile; fileRef = 4E2C63921ED96DAB00662764 /* RegularPolygonPointFactory.m */; };
/* End PBXBuildFile section */

/* Begin PBXContainerItemProxy section */
		4E29606A1EA062E800BA1E16 /* PBXContainerItemProxy */ = {
			isa = PBXContainerItemProxy;
			containerPortal = 4E2960481EA062E800BA1E16 /* Project object */;
			proxyType = 1;
			remoteGlobalIDString = 4E29604F1EA062E800BA1E16;
			remoteInfo = AnimationCollection;
		};
		4E2960751EA062E900BA1E16 /* PBXContainerItemProxy */ = {
			isa = PBXContainerItemProxy;
			containerPortal = 4E2960481EA062E800BA1E16 /* Project object */;
			proxyType = 1;
			remoteGlobalIDString = 4E29604F1EA062E800BA1E16;
			remoteInfo = AnimationCollection;
		};
/* End PBXContainerItemProxy section */

/* Begin PBXFileReference section */
		39240291B5EB24E2A6A6ED80 /* Pods-AnimationCollection.debug.xcconfig */ = {isa = PBXFileReference; includeInIndex = 1; lastKnownFileType = text.xcconfig; name = "Pods-AnimationCollection.debug.xcconfig"; path = "Pods/Target Support Files/Pods-AnimationCollection/Pods-AnimationCollection.debug.xcconfig"; sourceTree = "<group>"; };
		3E2E5897D2ECA3BB68FB3BC1 /* libPods-AnimationCollection.a */ = {isa = PBXFileReference; explicitFileType = archive.ar; includeInIndex = 0; path = "libPods-AnimationCollection.a"; sourceTree = BUILT_PRODUCTS_DIR; };
		4E2960501EA062E800BA1E16 /* AnimationCollection.app */ = {isa = PBXFileReference; explicitFileType = wrapper.application; includeInIndex = 0; path = AnimationCollection.app; sourceTree = BUILT_PRODUCTS_DIR; };
		4E2960541EA062E800BA1E16 /* main.m */ = {isa = PBXFileReference; lastKnownFileType = sourcecode.c.objc; path = main.m; sourceTree = "<group>"; };
		4E2960561EA062E800BA1E16 /* AppDelegate.h */ = {isa = PBXFileReference; lastKnownFileType = sourcecode.c.h; path = AppDelegate.h; sourceTree = "<group>"; };
		4E2960571EA062E800BA1E16 /* AppDelegate.m */ = {isa = PBXFileReference; lastKnownFileType = sourcecode.c.objc; path = AppDelegate.m; sourceTree = "<group>"; };
		4E2960591EA062E800BA1E16 /* ViewController.h */ = {isa = PBXFileReference; lastKnownFileType = sourcecode.c.h; path = ViewController.h; sourceTree = "<group>"; };
		4E29605A1EA062E800BA1E16 /* ViewController.m */ = {isa = PBXFileReference; lastKnownFileType = sourcecode.c.objc; path = ViewController.m; sourceTree = "<group>"; };
		4E29605D1EA062E800BA1E16 /* Base */ = {isa = PBXFileReference; lastKnownFileType = file.storyboard; name = Base; path = Base.lproj/Main.storyboard; sourceTree = "<group>"; };
		4E29605F1EA062E800BA1E16 /* Assets.xcassets */ = {isa = PBXFileReference; lastKnownFileType = folder.assetcatalog; path = Assets.xcassets; sourceTree = "<group>"; };
		4E2960621EA062E800BA1E16 /* Base */ = {isa = PBXFileReference; lastKnownFileType = file.storyboard; name = Base; path = Base.lproj/LaunchScreen.storyboard; sourceTree = "<group>"; };
		4E2960641EA062E800BA1E16 /* Info.plist */ = {isa = PBXFileReference; lastKnownFileType = text.plist.xml; path = Info.plist; sourceTree = "<group>"; };
		4E2960691EA062E800BA1E16 /* AnimationCollectionTests.xctest */ = {isa = PBXFileReference; explicitFileType = wrapper.cfbundle; includeInIndex = 0; path = AnimationCollectionTests.xctest; sourceTree = BUILT_PRODUCTS_DIR; };
		4E29606D1EA062E900BA1E16 /* AnimationCollectionTests.m */ = {isa = PBXFileReference; lastKnownFileType = sourcecode.c.objc; path = AnimationCollectionTests.m; sourceTree = "<group>"; };
		4E29606F1EA062E900BA1E16 /* Info.plist */ = {isa = PBXFileReference; lastKnownFileType = text.plist.xml; path = Info.plist; sourceTree = "<group>"; };
		4E2960741EA062E900BA1E16 /* AnimationCollectionUITests.xctest */ = {isa = PBXFileReference; explicitFileType = wrapper.cfbundle; includeInIndex = 0; path = AnimationCollectionUITests.xctest; sourceTree = BUILT_PRODUCTS_DIR; };
		4E2960781EA062E900BA1E16 /* AnimationCollectionUITests.m */ = {isa = PBXFileReference; lastKnownFileType = sourcecode.c.objc; path = AnimationCollectionUITests.m; sourceTree = "<group>"; };
		4E29607A1EA062E900BA1E16 /* Info.plist */ = {isa = PBXFileReference; lastKnownFileType = text.plist.xml; path = Info.plist; sourceTree = "<group>"; };
		4E29608A1EA0745300BA1E16 /* MainViewController.h */ = {isa = PBXFileReference; fileEncoding = 4; lastKnownFileType = sourcecode.c.h; path = MainViewController.h; sourceTree = "<group>"; };
		4E29608B1EA0745300BA1E16 /* MainViewController.m */ = {isa = PBXFileReference; fileEncoding = 4; lastKnownFileType = sourcecode.c.objc; path = MainViewController.m; sourceTree = "<group>"; };
		4E29608D1EA074BD00BA1E16 /* MainCell.h */ = {isa = PBXFileReference; fileEncoding = 4; lastKnownFileType = sourcecode.c.h; path = MainCell.h; sourceTree = "<group>"; };
		4E29608E1EA074BD00BA1E16 /* MainCell.m */ = {isa = PBXFileReference; fileEncoding = 4; lastKnownFileType = sourcecode.c.objc; path = MainCell.m; sourceTree = "<group>"; };
		4E2960901EA074DA00BA1E16 /* MainModel.h */ = {isa = PBXFileReference; fileEncoding = 4; lastKnownFileType = sourcecode.c.h; path = MainModel.h; sourceTree = "<group>"; };
		4E2960911EA074DA00BA1E16 /* MainModel.m */ = {isa = PBXFileReference; fileEncoding = 4; lastKnownFileType = sourcecode.c.objc; path = MainModel.m; sourceTree = "<group>"; };
		4E2960941EA0778E00BA1E16 /* HPUITools.h */ = {isa = PBXFileReference; fileEncoding = 4; lastKnownFileType = sourcecode.c.h; path = HPUITools.h; sourceTree = "<group>"; };
		4E2960951EA0778E00BA1E16 /* HPUITools.m */ = {isa = PBXFileReference; fileEncoding = 4; lastKnownFileType = sourcecode.c.objc; path = HPUITools.m; sourceTree = "<group>"; };
		4E2960971EA077AF00BA1E16 /* PrefixHeader.pch */ = {isa = PBXFileReference; fileEncoding = 4; lastKnownFileType = sourcecode.c.h; path = PrefixHeader.pch; sourceTree = "<group>"; };
		4E2960991EA0793100BA1E16 /* hong.h */ = {isa = PBXFileReference; fileEncoding = 4; lastKnownFileType = sourcecode.c.h; path = hong.h; sourceTree = "<group>"; };
		4E29609A1EA07ADA00BA1E16 /* MainView.h */ = {isa = PBXFileReference; fileEncoding = 4; lastKnownFileType = sourcecode.c.h; path = MainView.h; sourceTree = "<group>"; };
		4E29609B1EA07ADA00BA1E16 /* MainView.m */ = {isa = PBXFileReference; fileEncoding = 4; lastKnownFileType = sourcecode.c.objc; path = MainView.m; sourceTree = "<group>"; };
		4E29609D1EA082B400BA1E16 /* FreeDownViewController.h */ = {isa = PBXFileReference; fileEncoding = 4; lastKnownFileType = sourcecode.c.h; path = FreeDownViewController.h; sourceTree = "<group>"; };
		4E29609E1EA082B400BA1E16 /* FreeDownViewController.m */ = {isa = PBXFileReference; fileEncoding = 4; lastKnownFileType = sourcecode.c.objc; path = FreeDownViewController.m; sourceTree = "<group>"; };
		4E2960A01EA082DD00BA1E16 /* LoadRateViewController.h */ = {isa = PBXFileReference; fileEncoding = 4; lastKnownFileType = sourcecode.c.h; path = LoadRateViewController.h; sourceTree = "<group>"; };
		4E2960A11EA082DD00BA1E16 /* LoadRateViewController.m */ = {isa = PBXFileReference; fileEncoding = 4; lastKnownFileType = sourcecode.c.objc; path = LoadRateViewController.m; sourceTree = "<group>"; };
		4E2960A31EA082FD00BA1E16 /* SuperViewController.h */ = {isa = PBXFileReference; fileEncoding = 4; lastKnownFileType = sourcecode.c.h; path = SuperViewController.h; sourceTree = "<group>"; };
		4E2960A41EA082FD00BA1E16 /* SuperViewController.m */ = {isa = PBXFileReference; fileEncoding = 4; lastKnownFileType = sourcecode.c.objc; path = SuperViewController.m; sourceTree = "<group>"; };
		4E2960AA1EA09F6D00BA1E16 /* UIView+Additions.h */ = {isa = PBXFileReference; fileEncoding = 4; lastKnownFileType = sourcecode.c.h; path = "UIView+Additions.h"; sourceTree = "<group>"; };
		4E2960AB1EA09F6D00BA1E16 /* UIView+Additions.m */ = {isa = PBXFileReference; fileEncoding = 4; lastKnownFileType = sourcecode.c.objc; path = "UIView+Additions.m"; sourceTree = "<group>"; };
		4E2960AD1EA0C7D200BA1E16 /* FreeDownAnimation.h */ = {isa = PBXFileReference; fileEncoding = 4; lastKnownFileType = sourcecode.c.h; path = FreeDownAnimation.h; sourceTree = "<group>"; };
		4E2960AE1EA0C7D200BA1E16 /* FreeDownAnimation.m */ = {isa = PBXFileReference; fileEncoding = 4; lastKnownFileType = sourcecode.c.objc; path = FreeDownAnimation.m; sourceTree = "<group>"; };
		4E2C637F1ED92AED00662764 /* LoadingView.h */ = {isa = PBXFileReference; fileEncoding = 4; lastKnownFileType = sourcecode.c.h; path = LoadingView.h; sourceTree = "<group>"; };
		4E2C63801ED92AED00662764 /* LoadingView.m */ = {isa = PBXFileReference; fileEncoding = 4; lastKnownFileType = sourcecode.c.objc; path = LoadingView.m; sourceTree = "<group>"; };
		4E2C63821ED9521F00662764 /* SecondLoadingView.h */ = {isa = PBXFileReference; fileEncoding = 4; lastKnownFileType = sourcecode.c.h; path = SecondLoadingView.h; sourceTree = "<group>"; };
		4E2C63831ED9521F00662764 /* SecondLoadingView.m */ = {isa = PBXFileReference; fileEncoding = 4; lastKnownFileType = sourcecode.c.objc; path = SecondLoadingView.m; sourceTree = "<group>"; };
		4E2C63851ED9577300662764 /* KeyPathAnimationViewController.h */ = {isa = PBXFileReference; fileEncoding = 4; lastKnownFileType = sourcecode.c.h; path = KeyPathAnimationViewController.h; sourceTree = "<group>"; };
		4E2C63861ED9577300662764 /* KeyPathAnimationViewController.m */ = {isa = PBXFileReference; fileEncoding = 4; lastKnownFileType = sourcecode.c.objc; path = KeyPathAnimationViewController.m; sourceTree = "<group>"; };
		4E2C63881ED9579D00662764 /* KeyPathAnimationView.h */ = {isa = PBXFileReference; fileEncoding = 4; lastKnownFileType = sourcecode.c.h; path = KeyPathAnimationView.h; sourceTree = "<group>"; };
		4E2C63891ED9579D00662764 /* KeyPathAnimationView.m */ = {isa = PBXFileReference; fileEncoding = 4; lastKnownFileType = sourcecode.c.objc; path = KeyPathAnimationView.m; sourceTree = "<group>"; };
		4E2C638B1ED96AF000662764 /* RegularPolygonViewController.h */ = {isa = PBXFileReference; fileEncoding = 4; lastKnownFileType = sourcecode.c.h; path = RegularPolygonViewController.h; sourceTree = "<group>"; };
		4E2C638C1ED96AF000662764 /* RegularPolygonViewController.m */ = {isa = PBXFileReference; fileEncoding = 4; lastKnownFileType = sourcecode.c.objc; path = RegularPolygonViewController.m; sourceTree = "<group>"; };
		4E2C638E1ED96D8C00662764 /* RegularPolygonView.h */ = {isa = PBXFileReference; fileEncoding = 4; lastKnownFileType = sourcecode.c.h; path = RegularPolygonView.h; sourceTree = "<group>"; };
		4E2C638F1ED96D8C00662764 /* RegularPolygonView.m */ = {isa = PBXFileReference; fileEncoding = 4; lastKnownFileType = sourcecode.c.objc; path = RegularPolygonView.m; sourceTree = "<group>"; };
		4E2C63911ED96DAB00662764 /* RegularPolygonPointFactory.h */ = {isa = PBXFileReference; fileEncoding = 4; lastKnownFileType = sourcecode.c.h; path = RegularPolygonPointFactory.h; sourceTree = "<group>"; };
		4E2C63921ED96DAB00662764 /* RegularPolygonPointFactory.m */ = {isa = PBXFileReference; fileEncoding = 4; lastKnownFileType = sourcecode.c.objc; path = RegularPolygonPointFactory.m; sourceTree = "<group>"; };
		61BF6EB0420998ECDE6C7E2D /* Pods-AnimationCollection.release.xcconfig */ = {isa = PBXFileReference; includeInIndex = 1; lastKnownFileType = text.xcconfig; name = "Pods-AnimationCollection.release.xcconfig"; path = "Pods/Target Support Files/Pods-AnimationCollection/Pods-AnimationCollection.release.xcconfig"; sourceTree = "<group>"; };
/* End PBXFileReference section */

/* Begin PBXFrameworksBuildPhase section */
		4E29604D1EA062E800BA1E16 /* Frameworks */ = {
			isa = PBXFrameworksBuildPhase;
			buildActionMask = 2147483647;
			files = (
				4C4E1D8514BB84A8000CACE8 /* libPods-AnimationCollection.a in Frameworks */,
			);
			runOnlyForDeploymentPostprocessing = 0;
		};
		4E2960661EA062E800BA1E16 /* Frameworks */ = {
			isa = PBXFrameworksBuildPhase;
			buildActionMask = 2147483647;
			files = (
			);
			runOnlyForDeploymentPostprocessing = 0;
		};
		4E2960711EA062E900BA1E16 /* Frameworks */ = {
			isa = PBXFrameworksBuildPhase;
			buildActionMask = 2147483647;
			files = (
			);
			runOnlyForDeploymentPostprocessing = 0;
		};
/* End PBXFrameworksBuildPhase section */

/* Begin PBXGroup section */
		4E2960471EA062E800BA1E16 = {
			isa = PBXGroup;
			children = (
				4E2960521EA062E800BA1E16 /* AnimationCollection */,
				4E29606C1EA062E800BA1E16 /* AnimationCollectionTests */,
				4E2960771EA062E900BA1E16 /* AnimationCollectionUITests */,
				4E2960511EA062E800BA1E16 /* Products */,
				82091DC4485705269B5D9E90 /* Pods */,
				F49BDB87E311EF54C6B76A31 /* Frameworks */,
			);
			sourceTree = "<group>";
		};
		4E2960511EA062E800BA1E16 /* Products */ = {
			isa = PBXGroup;
			children = (
				4E2960501EA062E800BA1E16 /* AnimationCollection.app */,
				4E2960691EA062E800BA1E16 /* AnimationCollectionTests.xctest */,
				4E2960741EA062E900BA1E16 /* AnimationCollectionUITests.xctest */,
			);
			name = Products;
			sourceTree = "<group>";
		};
		4E2960521EA062E800BA1E16 /* AnimationCollection */ = {
			isa = PBXGroup;
			children = (
				4E2960A91EA09F5600BA1E16 /* Category */,
				4E2960931EA0775600BA1E16 /* UITools */,
				4E2960871EA073FE00BA1E16 /* viewControllers */,
				4E2960861EA073FE00BA1E16 /* models */,
				4E2960881EA073FE00BA1E16 /* views */,
				4E2960891EA0742D00BA1E16 /* MainViewController */,
				4E2960561EA062E800BA1E16 /* AppDelegate.h */,
				4E2960571EA062E800BA1E16 /* AppDelegate.m */,
				4E2960591EA062E800BA1E16 /* ViewController.h */,
				4E29605A1EA062E800BA1E16 /* ViewController.m */,
				4E29605C1EA062E800BA1E16 /* Main.storyboard */,
				4E29605F1EA062E800BA1E16 /* Assets.xcassets */,
				4E2960611EA062E800BA1E16 /* LaunchScreen.storyboard */,
				4E2960641EA062E800BA1E16 /* Info.plist */,
				4E2960531EA062E800BA1E16 /* Supporting Files */,
			);
			path = AnimationCollection;
			sourceTree = "<group>";
		};
		4E2960531EA062E800BA1E16 /* Supporting Files */ = {
			isa = PBXGroup;
			children = (
				4E2960981EA0791E00BA1E16 /* ExtraFile */,
				4E2960541EA062E800BA1E16 /* main.m */,
				4E2960971EA077AF00BA1E16 /* PrefixHeader.pch */,
			);
			name = "Supporting Files";
			sourceTree = "<group>";
		};
		4E29606C1EA062E800BA1E16 /* AnimationCollectionTests */ = {
			isa = PBXGroup;
			children = (
				4E29606D1EA062E900BA1E16 /* AnimationCollectionTests.m */,
				4E29606F1EA062E900BA1E16 /* Info.plist */,
			);
			path = AnimationCollectionTests;
			sourceTree = "<group>";
		};
		4E2960771EA062E900BA1E16 /* AnimationCollectionUITests */ = {
			isa = PBXGroup;
			children = (
				4E2960781EA062E900BA1E16 /* AnimationCollectionUITests.m */,
				4E29607A1EA062E900BA1E16 /* Info.plist */,
			);
			path = AnimationCollectionUITests;
			sourceTree = "<group>";
		};
		4E2960861EA073FE00BA1E16 /* models */ = {
			isa = PBXGroup;
			children = (
				4E2C63911ED96DAB00662764 /* RegularPolygonPointFactory.h */,
				4E2C63921ED96DAB00662764 /* RegularPolygonPointFactory.m */,
			);
			path = models;
			sourceTree = "<group>";
		};
		4E2960871EA073FE00BA1E16 /* viewControllers */ = {
			isa = PBXGroup;
			children = (
				4E2960A31EA082FD00BA1E16 /* SuperViewController.h */,
				4E2960A41EA082FD00BA1E16 /* SuperViewController.m */,
				4E29609D1EA082B400BA1E16 /* FreeDownViewController.h */,
				4E29609E1EA082B400BA1E16 /* FreeDownViewController.m */,
				4E2960A01EA082DD00BA1E16 /* LoadRateViewController.h */,
				4E2960A11EA082DD00BA1E16 /* LoadRateViewController.m */,
				4E2C63851ED9577300662764 /* KeyPathAnimationViewController.h */,
				4E2C63861ED9577300662764 /* KeyPathAnimationViewController.m */,
				4E2C638B1ED96AF000662764 /* RegularPolygonViewController.h */,
				4E2C638C1ED96AF000662764 /* RegularPolygonViewController.m */,
			);
			path = viewControllers;
			sourceTree = "<group>";
		};
		4E2960881EA073FE00BA1E16 /* views */ = {
			isa = PBXGroup;
			children = (
				4E2960AD1EA0C7D200BA1E16 /* FreeDownAnimation.h */,
				4E2960AE1EA0C7D200BA1E16 /* FreeDownAnimation.m */,
				4E2C637F1ED92AED00662764 /* LoadingView.h */,
				4E2C63801ED92AED00662764 /* LoadingView.m */,
				4E2C63821ED9521F00662764 /* SecondLoadingView.h */,
				4E2C63831ED9521F00662764 /* SecondLoadingView.m */,
				4E2C63881ED9579D00662764 /* KeyPathAnimationView.h */,
				4E2C63891ED9579D00662764 /* KeyPathAnimationView.m */,
				4E2C638E1ED96D8C00662764 /* RegularPolygonView.h */,
				4E2C638F1ED96D8C00662764 /* RegularPolygonView.m */,
			);
			path = views;
			sourceTree = "<group>";
		};
		4E2960891EA0742D00BA1E16 /* MainViewController */ = {
			isa = PBXGroup;
			children = (
				4E29608A1EA0745300BA1E16 /* MainViewController.h */,
				4E29608B1EA0745300BA1E16 /* MainViewController.m */,
				4E29609A1EA07ADA00BA1E16 /* MainView.h */,
				4E29609B1EA07ADA00BA1E16 /* MainView.m */,
				4E29608D1EA074BD00BA1E16 /* MainCell.h */,
				4E29608E1EA074BD00BA1E16 /* MainCell.m */,
				4E2960901EA074DA00BA1E16 /* MainModel.h */,
				4E2960911EA074DA00BA1E16 /* MainModel.m */,
			);
			path = MainViewController;
			sourceTree = "<group>";
		};
		4E2960931EA0775600BA1E16 /* UITools */ = {
			isa = PBXGroup;
			children = (
				4E2960941EA0778E00BA1E16 /* HPUITools.h */,
				4E2960951EA0778E00BA1E16 /* HPUITools.m */,
			);
			path = UITools;
			sourceTree = "<group>";
		};
		4E2960981EA0791E00BA1E16 /* ExtraFile */ = {
			isa = PBXGroup;
			children = (
				4E2960991EA0793100BA1E16 /* hong.h */,
			);
			path = ExtraFile;
			sourceTree = "<group>";
		};
		4E2960A91EA09F5600BA1E16 /* Category */ = {
			isa = PBXGroup;
			children = (
				4E2960AA1EA09F6D00BA1E16 /* UIView+Additions.h */,
				4E2960AB1EA09F6D00BA1E16 /* UIView+Additions.m */,
			);
			path = Category;
			sourceTree = "<group>";
		};
		82091DC4485705269B5D9E90 /* Pods */ = {
			isa = PBXGroup;
			children = (
				39240291B5EB24E2A6A6ED80 /* Pods-AnimationCollection.debug.xcconfig */,
				61BF6EB0420998ECDE6C7E2D /* Pods-AnimationCollection.release.xcconfig */,
			);
			name = Pods;
			sourceTree = "<group>";
		};
		F49BDB87E311EF54C6B76A31 /* Frameworks */ = {
			isa = PBXGroup;
			children = (
				3E2E5897D2ECA3BB68FB3BC1 /* libPods-AnimationCollection.a */,
			);
			name = Frameworks;
			sourceTree = "<group>";
		};
/* End PBXGroup section */

/* Begin PBXNativeTarget section */
		4E29604F1EA062E800BA1E16 /* AnimationCollection */ = {
			isa = PBXNativeTarget;
			buildConfigurationList = 4E29607D1EA062E900BA1E16 /* Build configuration list for PBXNativeTarget "AnimationCollection" */;
			buildPhases = (
				F01B19C9BE6F990F24881FFF /* [CP] Check Pods Manifest.lock */,
				4E29604C1EA062E800BA1E16 /* Sources */,
				4E29604D1EA062E800BA1E16 /* Frameworks */,
				4E29604E1EA062E800BA1E16 /* Resources */,
				209471CAF66BCD499F5ED8B6 /* [CP] Embed Pods Frameworks */,
				C68DB3AFAEC55156C5FC7067 /* [CP] Copy Pods Resources */,
			);
			buildRules = (
			);
			dependencies = (
			);
			name = AnimationCollection;
			productName = AnimationCollection;
			productReference = 4E2960501EA062E800BA1E16 /* AnimationCollection.app */;
			productType = "com.apple.product-type.application";
		};
		4E2960681EA062E800BA1E16 /* AnimationCollectionTests */ = {
			isa = PBXNativeTarget;
			buildConfigurationList = 4E2960801EA062E900BA1E16 /* Build configuration list for PBXNativeTarget "AnimationCollectionTests" */;
			buildPhases = (
				4E2960651EA062E800BA1E16 /* Sources */,
				4E2960661EA062E800BA1E16 /* Frameworks */,
				4E2960671EA062E800BA1E16 /* Resources */,
			);
			buildRules = (
			);
			dependencies = (
				4E29606B1EA062E800BA1E16 /* PBXTargetDependency */,
			);
			name = AnimationCollectionTests;
			productName = AnimationCollectionTests;
			productReference = 4E2960691EA062E800BA1E16 /* AnimationCollectionTests.xctest */;
			productType = "com.apple.product-type.bundle.unit-test";
		};
		4E2960731EA062E900BA1E16 /* AnimationCollectionUITests */ = {
			isa = PBXNativeTarget;
			buildConfigurationList = 4E2960831EA062E900BA1E16 /* Build configuration list for PBXNativeTarget "AnimationCollectionUITests" */;
			buildPhases = (
				4E2960701EA062E900BA1E16 /* Sources */,
				4E2960711EA062E900BA1E16 /* Frameworks */,
				4E2960721EA062E900BA1E16 /* Resources */,
			);
			buildRules = (
			);
			dependencies = (
				4E2960761EA062E900BA1E16 /* PBXTargetDependency */,
			);
			name = AnimationCollectionUITests;
			productName = AnimationCollectionUITests;
			productReference = 4E2960741EA062E900BA1E16 /* AnimationCollectionUITests.xctest */;
			productType = "com.apple.product-type.bundle.ui-testing";
		};
/* End PBXNativeTarget section */

/* Begin PBXProject section */
		4E2960481EA062E800BA1E16 /* Project object */ = {
			isa = PBXProject;
			attributes = {
				LastUpgradeCheck = 0830;
				ORGANIZATIONNAME = limingfeng;
				TargetAttributes = {
					4E29604F1EA062E800BA1E16 = {
						CreatedOnToolsVersion = 8.3.1;
						ProvisioningStyle = Automatic;
					};
					4E2960681EA062E800BA1E16 = {
						CreatedOnToolsVersion = 8.3.1;
						ProvisioningStyle = Automatic;
						TestTargetID = 4E29604F1EA062E800BA1E16;
					};
					4E2960731EA062E900BA1E16 = {
						CreatedOnToolsVersion = 8.3.1;
						ProvisioningStyle = Automatic;
						TestTargetID = 4E29604F1EA062E800BA1E16;
					};
				};
			};
			buildConfigurationList = 4E29604B1EA062E800BA1E16 /* Build configuration list for PBXProject "AnimationCollection" */;
			compatibilityVersion = "Xcode 3.2";
			developmentRegion = English;
			hasScannedForEncodings = 0;
			knownRegions = (
				en,
				Base,
			);
			mainGroup = 4E2960471EA062E800BA1E16;
			productRefGroup = 4E2960511EA062E800BA1E16 /* Products */;
			projectDirPath = "";
			projectRoot = "";
			targets = (
				4E29604F1EA062E800BA1E16 /* AnimationCollection */,
				4E2960681EA062E800BA1E16 /* AnimationCollectionTests */,
				4E2960731EA062E900BA1E16 /* AnimationCollectionUITests */,
			);
		};
/* End PBXProject section */

/* Begin PBXResourcesBuildPhase section */
		4E29604E1EA062E800BA1E16 /* Resources */ = {
			isa = PBXResourcesBuildPhase;
			buildActionMask = 2147483647;
			files = (
				4E2960631EA062E800BA1E16 /* LaunchScreen.storyboard in Resources */,
				4E2960601EA062E800BA1E16 /* Assets.xcassets in Resources */,
				4E29605E1EA062E800BA1E16 /* Main.storyboard in Resources */,
			);
			runOnlyForDeploymentPostprocessing = 0;
		};
		4E2960671EA062E800BA1E16 /* Resources */ = {
			isa = PBXResourcesBuildPhase;
			buildActionMask = 2147483647;
			files = (
			);
			runOnlyForDeploymentPostprocessing = 0;
		};
		4E2960721EA062E900BA1E16 /* Resources */ = {
			isa = PBXResourcesBuildPhase;
			buildActionMask = 2147483647;
			files = (
			);
			runOnlyForDeploymentPostprocessing = 0;
		};
/* End PBXResourcesBuildPhase section */

/* Begin PBXShellScriptBuildPhase section */
		209471CAF66BCD499F5ED8B6 /* [CP] Embed Pods Frameworks */ = {
			isa = PBXShellScriptBuildPhase;
			buildActionMask = 2147483647;
			files = (
			);
			inputPaths = (
			);
			name = "[CP] Embed Pods Frameworks";
			outputPaths = (
			);
			runOnlyForDeploymentPostprocessing = 0;
			shellPath = /bin/sh;
			shellScript = "\"${SRCROOT}/Pods/Target Support Files/Pods-AnimationCollection/Pods-AnimationCollection-frameworks.sh\"\n";
			showEnvVarsInLog = 0;
		};
		C68DB3AFAEC55156C5FC7067 /* [CP] Copy Pods Resources */ = {
			isa = PBXShellScriptBuildPhase;
			buildActionMask = 2147483647;
			files = (
			);
			inputPaths = (
			);
			name = "[CP] Copy Pods Resources";
			outputPaths = (
			);
			runOnlyForDeploymentPostprocessing = 0;
			shellPath = /bin/sh;
			shellScript = "\"${SRCROOT}/Pods/Target Support Files/Pods-AnimationCollection/Pods-AnimationCollection-resources.sh\"\n";
			showEnvVarsInLog = 0;
		};
		F01B19C9BE6F990F24881FFF /* [CP] Check Pods Manifest.lock */ = {
			isa = PBXShellScriptBuildPhase;
			buildActionMask = 2147483647;
			files = (
			);
			inputPaths = (
			);
			name = "[CP] Check Pods Manifest.lock";
			outputPaths = (
			);
			runOnlyForDeploymentPostprocessing = 0;
			shellPath = /bin/sh;
			shellScript = "diff \"${PODS_ROOT}/../Podfile.lock\" \"${PODS_ROOT}/Manifest.lock\" > /dev/null\nif [ $? != 0 ] ; then\n    # print error to STDERR\n    echo \"error: The sandbox is not in sync with the Podfile.lock. Run 'pod install' or update your CocoaPods installation.\" >&2\n    exit 1\nfi\n";
			showEnvVarsInLog = 0;
		};
/* End PBXShellScriptBuildPhase section */

/* Begin PBXSourcesBuildPhase section */
		4E29604C1EA062E800BA1E16 /* Sources */ = {
			isa = PBXSourcesBuildPhase;
			buildActionMask = 2147483647;
			files = (
				4E2960AF1EA0C7D200BA1E16 /* FreeDownAnimation.m in Sources */,
				4E2C63901ED96D8C00662764 /* RegularPolygonView.m in Sources */,
				4E2C63811ED92AED00662764 /* LoadingView.m in Sources */,
				4E2C63931ED96DAB00662764 /* RegularPolygonPointFactory.m in Sources */,
				4E2960A51EA082FD00BA1E16 /* SuperViewController.m in Sources */,
				4E2C63841ED9521F00662764 /* SecondLoadingView.m in Sources */,
				4E2C63871ED9577300662764 /* KeyPathAnimationViewController.m in Sources */,
				4E29609F1EA082B400BA1E16 /* FreeDownViewController.m in Sources */,
				4E29608F1EA074BD00BA1E16 /* MainCell.m in Sources */,
				4E29605B1EA062E800BA1E16 /* ViewController.m in Sources */,
				4E2C638D1ED96AF000662764 /* RegularPolygonViewController.m in Sources */,
				4E2960921EA074DA00BA1E16 /* MainModel.m in Sources */,
				4E2C638A1ED9579D00662764 /* KeyPathAnimationView.m in Sources */,
				4E2960A21EA082DD00BA1E16 /* LoadRateViewController.m in Sources */,
				4E2960581EA062E800BA1E16 /* AppDelegate.m in Sources */,
				4E2960551EA062E800BA1E16 /* main.m in Sources */,
				4E29609C1EA07ADA00BA1E16 /* MainView.m in Sources */,
				4E29608C1EA0745300BA1E16 /* MainViewController.m in Sources */,
				4E2960961EA0778E00BA1E16 /* HPUITools.m in Sources */,
				4E2960AC1EA09F6D00BA1E16 /* UIView+Additions.m in Sources */,
			);
			runOnlyForDeploymentPostprocessing = 0;
		};
		4E2960651EA062E800BA1E16 /* Sources */ = {
			isa = PBXSourcesBuildPhase;
			buildActionMask = 2147483647;
			files = (
				4E29606E1EA062E900BA1E16 /* AnimationCollectionTests.m in Sources */,
			);
			runOnlyForDeploymentPostprocessing = 0;
		};
		4E2960701EA062E900BA1E16 /* Sources */ = {
			isa = PBXSourcesBuildPhase;
			buildActionMask = 2147483647;
			files = (
				4E2960791EA062E900BA1E16 /* AnimationCollectionUITests.m in Sources */,
			);
			runOnlyForDeploymentPostprocessing = 0;
		};
/* End PBXSourcesBuildPhase section */

/* Begin PBXTargetDependency section */
		4E29606B1EA062E800BA1E16 /* PBXTargetDependency */ = {
			isa = PBXTargetDependency;
			target = 4E29604F1EA062E800BA1E16 /* AnimationCollection */;
			targetProxy = 4E29606A1EA062E800BA1E16 /* PBXContainerItemProxy */;
		};
		4E2960761EA062E900BA1E16 /* PBXTargetDependency */ = {
			isa = PBXTargetDependency;
			target = 4E29604F1EA062E800BA1E16 /* AnimationCollection */;
			targetProxy = 4E2960751EA062E900BA1E16 /* PBXContainerItemProxy */;
		};
/* End PBXTargetDependency section */

/* Begin PBXVariantGroup section */
		4E29605C1EA062E800BA1E16 /* Main.storyboard */ = {
			isa = PBXVariantGroup;
			children = (
				4E29605D1EA062E800BA1E16 /* Base */,
			);
			name = Main.storyboard;
			sourceTree = "<group>";
		};
		4E2960611EA062E800BA1E16 /* LaunchScreen.storyboard */ = {
			isa = PBXVariantGroup;
			children = (
				4E2960621EA062E800BA1E16 /* Base */,
			);
			name = LaunchScreen.storyboard;
			sourceTree = "<group>";
		};
/* End PBXVariantGroup section */

/* Begin XCBuildConfiguration section */
		4E29607B1EA062E900BA1E16 /* Debug */ = {
			isa = XCBuildConfiguration;
			buildSettings = {
				ALWAYS_SEARCH_USER_PATHS = NO;
				CLANG_ANALYZER_NONNULL = YES;
				CLANG_ANALYZER_NUMBER_OBJECT_CONVERSION = YES_AGGRESSIVE;
				CLANG_CXX_LANGUAGE_STANDARD = "gnu++0x";
				CLANG_CXX_LIBRARY = "libc++";
				CLANG_ENABLE_MODULES = YES;
				CLANG_ENABLE_OBJC_ARC = YES;
				CLANG_WARN_BOOL_CONVERSION = YES;
				CLANG_WARN_CONSTANT_CONVERSION = YES;
				CLANG_WARN_DIRECT_OBJC_ISA_USAGE = YES_ERROR;
				CLANG_WARN_DOCUMENTATION_COMMENTS = YES;
				CLANG_WARN_EMPTY_BODY = YES;
				CLANG_WARN_ENUM_CONVERSION = YES;
				CLANG_WARN_INFINITE_RECURSION = YES;
				CLANG_WARN_INT_CONVERSION = YES;
				CLANG_WARN_OBJC_ROOT_CLASS = YES_ERROR;
				CLANG_WARN_SUSPICIOUS_MOVE = YES;
				CLANG_WARN_UNREACHABLE_CODE = YES;
				CLANG_WARN__DUPLICATE_METHOD_MATCH = YES;
				"CODE_SIGN_IDENTITY[sdk=iphoneos*]" = "iPhone Developer";
				COPY_PHASE_STRIP = NO;
				DEBUG_INFORMATION_FORMAT = dwarf;
				ENABLE_STRICT_OBJC_MSGSEND = YES;
				ENABLE_TESTABILITY = YES;
				GCC_C_LANGUAGE_STANDARD = gnu99;
				GCC_DYNAMIC_NO_PIC = NO;
				GCC_NO_COMMON_BLOCKS = YES;
				GCC_OPTIMIZATION_LEVEL = 0;
				GCC_PREPROCESSOR_DEFINITIONS = (
					"DEBUG=1",
					"$(inherited)",
				);
				GCC_WARN_64_TO_32_BIT_CONVERSION = YES;
				GCC_WARN_ABOUT_RETURN_TYPE = YES_ERROR;
				GCC_WARN_UNDECLARED_SELECTOR = YES;
				GCC_WARN_UNINITIALIZED_AUTOS = YES_AGGRESSIVE;
				GCC_WARN_UNUSED_FUNCTION = YES;
				GCC_WARN_UNUSED_VARIABLE = YES;
				IPHONEOS_DEPLOYMENT_TARGET = 8.0;
				MTL_ENABLE_DEBUG_INFO = YES;
				ONLY_ACTIVE_ARCH = YES;
				SDKROOT = iphoneos;
				TARGETED_DEVICE_FAMILY = "1,2";
			};
			name = Debug;
		};
		4E29607C1EA062E900BA1E16 /* Release */ = {
			isa = XCBuildConfiguration;
			buildSettings = {
				ALWAYS_SEARCH_USER_PATHS = NO;
				CLANG_ANALYZER_NONNULL = YES;
				CLANG_ANALYZER_NUMBER_OBJECT_CONVERSION = YES_AGGRESSIVE;
				CLANG_CXX_LANGUAGE_STANDARD = "gnu++0x";
				CLANG_CXX_LIBRARY = "libc++";
				CLANG_ENABLE_MODULES = YES;
				CLANG_ENABLE_OBJC_ARC = YES;
				CLANG_WARN_BOOL_CONVERSION = YES;
				CLANG_WARN_CONSTANT_CONVERSION = YES;
				CLANG_WARN_DIRECT_OBJC_ISA_USAGE = YES_ERROR;
				CLANG_WARN_DOCUMENTATION_COMMENTS = YES;
				CLANG_WARN_EMPTY_BODY = YES;
				CLANG_WARN_ENUM_CONVERSION = YES;
				CLANG_WARN_INFINITE_RECURSION = YES;
				CLANG_WARN_INT_CONVERSION = YES;
				CLANG_WARN_OBJC_ROOT_CLASS = YES_ERROR;
				CLANG_WARN_SUSPICIOUS_MOVE = YES;
				CLANG_WARN_UNREACHABLE_CODE = YES;
				CLANG_WARN__DUPLICATE_METHOD_MATCH = YES;
				"CODE_SIGN_IDENTITY[sdk=iphoneos*]" = "iPhone Developer";
				COPY_PHASE_STRIP = NO;
				DEBUG_INFORMATION_FORMAT = "dwarf-with-dsym";
				ENABLE_NS_ASSERTIONS = NO;
				ENABLE_STRICT_OBJC_MSGSEND = YES;
				GCC_C_LANGUAGE_STANDARD = gnu99;
				GCC_NO_COMMON_BLOCKS = YES;
				GCC_WARN_64_TO_32_BIT_CONVERSION = YES;
				GCC_WARN_ABOUT_RETURN_TYPE = YES_ERROR;
				GCC_WARN_UNDECLARED_SELECTOR = YES;
				GCC_WARN_UNINITIALIZED_AUTOS = YES_AGGRESSIVE;
				GCC_WARN_UNUSED_FUNCTION = YES;
				GCC_WARN_UNUSED_VARIABLE = YES;
				IPHONEOS_DEPLOYMENT_TARGET = 8.0;
				MTL_ENABLE_DEBUG_INFO = NO;
				SDKROOT = iphoneos;
				TARGETED_DEVICE_FAMILY = "1,2";
				VALIDATE_PRODUCT = YES;
			};
			name = Release;
		};
		4E29607E1EA062E900BA1E16 /* Debug */ = {
			isa = XCBuildConfiguration;
			baseConfigurationReference = 39240291B5EB24E2A6A6ED80 /* Pods-AnimationCollection.debug.xcconfig */;
			buildSettings = {
				ASSETCATALOG_COMPILER_APPICON_NAME = AppIcon;
				GCC_PREFIX_HEADER = AnimationCollection/PrefixHeader.pch;
				INFOPLIST_FILE = AnimationCollection/Info.plist;
				LD_RUNPATH_SEARCH_PATHS = "$(inherited) @executable_path/Frameworks";
				PRODUCT_BUNDLE_IDENTIFIER = limingfeng.com.AnimationCollection;
				PRODUCT_NAME = "$(TARGET_NAME)";
			};
			name = Debug;
		};
		4E29607F1EA062E900BA1E16 /* Release */ = {
			isa = XCBuildConfiguration;
			baseConfigurationReference = 61BF6EB0420998ECDE6C7E2D /* Pods-AnimationCollection.release.xcconfig */;
			buildSettings = {
				ASSETCATALOG_COMPILER_APPICON_NAME = AppIcon;
				GCC_PREFIX_HEADER = AnimationCollection/PrefixHeader.pch;
				INFOPLIST_FILE = AnimationCollection/Info.plist;
				LD_RUNPATH_SEARCH_PATHS = "$(inherited) @executable_path/Frameworks";
				PRODUCT_BUNDLE_IDENTIFIER = limingfeng.com.AnimationCollection;
				PRODUCT_NAME = "$(TARGET_NAME)";
			};
			name = Release;
		};
		4E2960811EA062E900BA1E16 /* Debug */ = {
			isa = XCBuildConfiguration;
			buildSettings = {
				BUNDLE_LOADER = "$(TEST_HOST)";
				INFOPLIST_FILE = AnimationCollectionTests/Info.plist;
				LD_RUNPATH_SEARCH_PATHS = "$(inherited) @executable_path/Frameworks @loader_path/Frameworks";
				PRODUCT_BUNDLE_IDENTIFIER = limingfeng.com.AnimationCollectionTests;
				PRODUCT_NAME = "$(TARGET_NAME)";
				TEST_HOST = "$(BUILT_PRODUCTS_DIR)/AnimationCollection.app/AnimationCollection";
			};
			name = Debug;
		};
		4E2960821EA062E900BA1E16 /* Release */ = {
			isa = XCBuildConfiguration;
			buildSettings = {
				BUNDLE_LOADER = "$(TEST_HOST)";
				INFOPLIST_FILE = AnimationCollectionTests/Info.plist;
				LD_RUNPATH_SEARCH_PATHS = "$(inherited) @executable_path/Frameworks @loader_path/Frameworks";
				PRODUCT_BUNDLE_IDENTIFIER = limingfeng.com.AnimationCollectionTests;
				PRODUCT_NAME = "$(TARGET_NAME)";
				TEST_HOST = "$(BUILT_PRODUCTS_DIR)/AnimationCollection.app/AnimationCollection";
			};
			name = Release;
		};
		4E2960841EA062E900BA1E16 /* Debug */ = {
			isa = XCBuildConfiguration;
			buildSettings = {
				INFOPLIST_FILE = AnimationCollectionUITests/Info.plist;
				LD_RUNPATH_SEARCH_PATHS = "$(inherited) @executable_path/Frameworks @loader_path/Frameworks";
				PRODUCT_BUNDLE_IDENTIFIER = limingfeng.com.AnimationCollectionUITests;
				PRODUCT_NAME = "$(TARGET_NAME)";
				TEST_TARGET_NAME = AnimationCollection;
			};
			name = Debug;
		};
		4E2960851EA062E900BA1E16 /* Release */ = {
			isa = XCBuildConfiguration;
			buildSettings = {
				INFOPLIST_FILE = AnimationCollectionUITests/Info.plist;
				LD_RUNPATH_SEARCH_PATHS = "$(inherited) @executable_path/Frameworks @loader_path/Frameworks";
				PRODUCT_BUNDLE_IDENTIFIER = limingfeng.com.AnimationCollectionUITests;
				PRODUCT_NAME = "$(TARGET_NAME)";
				TEST_TARGET_NAME = AnimationCollection;
			};
			name = Release;
		};
/* End XCBuildConfiguration section */

/* Begin XCConfigurationList section */
		4E29604B1EA062E800BA1E16 /* Build configuration list for PBXProject "AnimationCollection" */ = {
			isa = XCConfigurationList;
			buildConfigurations = (
				4E29607B1EA062E900BA1E16 /* Debug */,
				4E29607C1EA062E900BA1E16 /* Release */,
			);
			defaultConfigurationIsVisible = 0;
			defaultConfigurationName = Release;
		};
		4E29607D1EA062E900BA1E16 /* Build configuration list for PBXNativeTarget "AnimationCollection" */ = {
			isa = XCConfigurationList;
			buildConfigurations = (
				4E29607E1EA062E900BA1E16 /* Debug */,
				4E29607F1EA062E900BA1E16 /* Release */,
			);
			defaultConfigurationIsVisible = 0;
			defaultConfigurationName = Release;
		};
		4E2960801EA062E900BA1E16 /* Build configuration list for PBXNativeTarget "AnimationCollectionTests" */ = {
			isa = XCConfigurationList;
			buildConfigurations = (
				4E2960811EA062E900BA1E16 /* Debug */,
				4E2960821EA062E900BA1E16 /* Release */,
			);
			defaultConfigurationIsVisible = 0;
			defaultConfigurationName = Release;
		};
		4E2960831EA062E900BA1E16 /* Build configuration list for PBXNativeTarget "AnimationCollectionUITests" */ = {
			isa = XCConfigurationList;
			buildConfigurations = (
				4E2960841EA062E900BA1E16 /* Debug */,
				4E2960851EA062E900BA1E16 /* Release */,
			);
			defaultConfigurationIsVisible = 0;
			defaultConfigurationName = Release;
		};
/* End XCConfigurationList section */
	};
	rootObject = 4E2960481EA062E800BA1E16 /* Project object */;
}
